github.com/bazelbuild/bazel-gazelle v0.29.0 h1:uFYs0rkVtEwZ6PlVQAXkBrIvWtIljMG8YR67LGiopeY=
github.com/bazelbuild/bazel-gazelle v0.29.0/go.mod h1:L6O3ptp0eoujyGx2KyJrv86w93S0hxgh9HB3Cbw0cdI=
golang.org/x/sys v0.4.0 h1:Zr2JFtRQNX3BCZ8YtxRE9hNJYC8J6I1MVbMg6owUp18=
golang.org/x/sys v0.4.0/go.mod h1:oPkhp1MJrh7nUepCBck5+mAzfO9JrbApNNgaTdGDITg=
